{
  "name": "trustid-did",
  "version": "1.0.0",
  "lockfileVersion": 2,
  "requires": true,
  "packages": {
    "": {
      "name": "trustid-did",
      "version": "1.0.0",
      "license": "ISC",
      "dependencies": {
        "coren-id-sdk": "file:../../../../Hyperledger/Lab/TrustID/trustid-sdk"
      }
    },
    "../../../../Hyperledger/Lab/TrustID/trustid-sdk": {
      "version": "1.0.0",
      "license": "ISC",
      "dependencies": {
        "@types/mongoose": "^5.7.14",
        "@types/node": "^13.7.1",
        "axios": "^0.19.2",
        "crypto-js": "^4.0.0",
        "fabric-ca-client": "2.1.0",
        "fabric-network": "v2.1.0",
        "fs": "0.0.1-security",
        "jose": "^1.22.1",
        "mongoose": "^5.9.10",
        "node": "^13.12.0",
        "node-jose": "git+https://github.com/cisco/node-jose.git",
        "optional": "^0.1.4",
        "path": "^0.12.7"
      },
      "devDependencies": {
        "@types/chai": "^4.2.11",
        "@types/crypto-js": "^3.1.46",
        "@types/jwk-to-pem": "^2.0.0",
        "@types/mocha": "^7.0.2",
        "@types/node-jose": "^1.1.3",
        "@types/sinon": "^9.0.0",
        "chai": "^4.2.0",
        "mocha": "^7.1.2",
        "sinon": "^9.0.2",
        "ts-node": "^8.10.1",
        "typedoc": "^0.16.10",
        "typescript": "^3.8.3",
        "typescript-coverage-report": "^0.1.3"
      },
      "optionalDependencies": {
        "fabric-ca-client": "2.1.0",
        "fabric-network": "v2.1.0"
      }
    },
    "node_modules/coren-id-sdk": {
      "resolved": "../../../../Hyperledger/Lab/TrustID/trustid-sdk",
      "link": true
    }
  },
  "dependencies": {
    "coren-id-sdk": {
      "version": "file:../../../../Hyperledger/Lab/TrustID/trustid-sdk",
      "requires": {
        "@types/chai": "^4.2.11",
        "@types/crypto-js": "^3.1.46",
        "@types/jwk-to-pem": "^2.0.0",
        "@types/mocha": "^7.0.2",
        "@types/mongoose": "^5.7.14",
        "@types/node": "^13.7.1",
        "@types/node-jose": "^1.1.3",
        "@types/sinon": "^9.0.0",
        "axios": "^0.19.2",
        "chai": "^4.2.0",
        "crypto-js": "^4.0.0",
        "fabric-ca-client": "2.1.0",
        "fabric-network": "v2.1.0",
        "fs": "0.0.1-security",
        "jose": "^1.22.1",
        "mocha": "^7.1.2",
        "mongoose": "^5.9.10",
        "node": "^13.12.0",
        "node-jose": "git+https://github.com/cisco/node-jose.git",
        "optional": "^0.1.4",
        "path": "^0.12.7",
        "sinon": "^9.0.2",
        "ts-node": "^8.10.1",
        "typedoc": "^0.16.10",
        "typescript": "^3.8.3",
        "typescript-coverage-report": "^0.1.3"
      }
    }
  }
}
